
Microsoft Visual Studio Solution File, Format Version 12.00
# Visual Studio Version 17
VisualStudioVersion = 17.9.34622.214
MinimumVisualStudioVersion = 10.0.40219.1
Project("{9A19103F-16F7-4668-BE54-9A1E7A4F7556}") = "RadditProject", "RadditProject\RadditProject.csproj", "{1A289BA0-D9A8-47FC-968F-3790FCD318B2}"
EndProject
Project("{FAE04EC0-301F-11D3-BF4B-00C04F79EFBC}") = "RadditProject.Services", "RadditProject.Services\RadditProject.Services.csproj", "{2E3C0240-CC08-40AA-89D5-97327AB2A0DC}"
EndProject
Global
	GlobalSection(SolutionConfigurationPlatforms) = preSolution
		Debug|Any CPU = Debug|Any CPU
		Release|Any CPU = Release|Any CPU
	EndGlobalSection
	GlobalSection(ProjectConfigurationPlatforms) = postSolution
		{1A289BA0-D9A8-47FC-968F-3790FCD318B2}.Debug|Any CPU.ActiveCfg = Debug|Any CPU
		{1A289BA0-D9A8-47FC-968F-3790FCD318B2}.Debug|Any CPU.Build.0 = Debug|Any CPU
		{1A289BA0-D9A8-47FC-968F-3790FCD318B2}.Release|Any CPU.ActiveCfg = Release|Any CPU
		{1A289BA0-D9A8-47FC-968F-3790FCD318B2}.Release|Any CPU.Build.0 = Release|Any CPU
		{2E3C0240-CC08-40AA-89D5-97327AB2A0DC}.Debug|Any CPU.ActiveCfg = Debug|Any CPU
		{2E3C0240-CC08-40AA-89D5-97327AB2A0DC}.Debug|Any CPU.Build.0 = Debug|Any CPU
		{2E3C0240-CC08-40AA-89D5-97327AB2A0DC}.Release|Any CPU.ActiveCfg = Release|Any CPU
		{2E3C0240-CC08-40AA-89D5-97327AB2A0DC}.Release|Any CPU.Build.0 = Release|Any CPU
	EndGlobalSection
	GlobalSection(SolutionProperties) = preSolution
		HideSolutionNode = FALSE
	EndGlobalSection
	GlobalSection(ExtensibilityGlobals) = postSolution
		SolutionGuid = {3395FAEB-CCAD-462B-8063-C256B9BAEBEB}
	EndGlobalSection
EndGlobal
